
Microsoft Visual Studio Solution File, Format Version 12.00
# Visual Studio 15
VisualStudioVersion = 15.0.28307.539
MinimumVisualStudioVersion = 10.0.40219.1
Project("{FAE04EC0-301F-11D3-BF4B-00C04F79EFBC}") = "Photoshop", "Photoshop.csproj", "{42619814-9484-452D-B227-73AC2212C8A2}"
EndProject
Global
	GlobalSection(SolutionConfigurationPlatforms) = preSolution
		Debug|Any CPU = Debug|Any CPU
		Release|Any CPU = Release|Any CPU
	EndGlobalSection
	GlobalSection(ProjectConfigurationPlatforms) = postSolution
		{42619814-9484-452D-B227-73AC2212C8A2}.Debug|Any CPU.ActiveCfg = Debug|Any CPU
		{42619814-9484-452D-B227-73AC2212C8A2}.Debug|Any CPU.Build.0 = Debug|Any CPU
		{42619814-9484-452D-B227-73AC2212C8A2}.Release|Any CPU.ActiveCfg = Release|Any CPU
		{42619814-9484-452D-B227-73AC2212C8A2}.Release|Any CPU.Build.0 = Release|Any CPU
	EndGlobalSection
	GlobalSection(SolutionProperties) = preSolution
		HideSolutionNode = FALSE
	EndGlobalSection
	GlobalSection(ExtensibilityGlobals) = postSolution
		SolutionGuid = {EFF65139-41FE-41AC-9E70-165D62D5EA1F}
	EndGlobalSection
EndGlobal
