
Microsoft Visual Studio Solution File, Format Version 12.00
# Visual Studio 15
VisualStudioVersion = 15.0.28307.539
MinimumVisualStudioVersion = 10.0.40219.1
Project("{FAE04EC0-301F-11D3-BF4B-00C04F79EFBC}") = "Clock", "Clock.csproj", "{6B7D55A0-E4B4-4AC0-8528-11DD61715660}"
EndProject
Global
	GlobalSection(SolutionConfigurationPlatforms) = preSolution
		Debug|Any CPU = Debug|Any CPU
		Release|Any CPU = Release|Any CPU
	EndGlobalSection
	GlobalSection(ProjectConfigurationPlatforms) = postSolution
		{6B7D55A0-E4B4-4AC0-8528-11DD61715660}.Debug|Any CPU.ActiveCfg = Debug|Any CPU
		{6B7D55A0-E4B4-4AC0-8528-11DD61715660}.Debug|Any CPU.Build.0 = Debug|Any CPU
		{6B7D55A0-E4B4-4AC0-8528-11DD61715660}.Release|Any CPU.ActiveCfg = Release|Any CPU
		{6B7D55A0-E4B4-4AC0-8528-11DD61715660}.Release|Any CPU.Build.0 = Release|Any CPU
	EndGlobalSection
	GlobalSection(SolutionProperties) = preSolution
		HideSolutionNode = FALSE
	EndGlobalSection
	GlobalSection(ExtensibilityGlobals) = postSolution
		SolutionGuid = {CE43AC69-FDDF-43A3-8D9B-3E5072B6F75B}
	EndGlobalSection
EndGlobal
