
Microsoft Visual Studio Solution File, Format Version 12.00
# Visual Studio 15
VisualStudioVersion = 15.0.28307.539
MinimumVisualStudioVersion = 10.0.40219.1
Project("{FAE04EC0-301F-11D3-BF4B-00C04F79EFBC}") = "15", "15.csproj", "{D63246E0-9FA3-4524-9852-3B2268B90318}"
EndProject
Global
	GlobalSection(SolutionConfigurationPlatforms) = preSolution
		Debug|Any CPU = Debug|Any CPU
		Release|Any CPU = Release|Any CPU
	EndGlobalSection
	GlobalSection(ProjectConfigurationPlatforms) = postSolution
		{D63246E0-9FA3-4524-9852-3B2268B90318}.Debug|Any CPU.ActiveCfg = Debug|Any CPU
		{D63246E0-9FA3-4524-9852-3B2268B90318}.Debug|Any CPU.Build.0 = Debug|Any CPU
		{D63246E0-9FA3-4524-9852-3B2268B90318}.Release|Any CPU.ActiveCfg = Release|Any CPU
		{D63246E0-9FA3-4524-9852-3B2268B90318}.Release|Any CPU.Build.0 = Release|Any CPU
	EndGlobalSection
	GlobalSection(SolutionProperties) = preSolution
		HideSolutionNode = FALSE
	EndGlobalSection
	GlobalSection(ExtensibilityGlobals) = postSolution
		SolutionGuid = {13690BAF-DC9C-42C0-8FC1-6978123DA565}
	EndGlobalSection
EndGlobal
